// !$*UTF8*$!
{
	archiveVersion = 1;
	classes = {
	};
	objectVersion = 46;
	objects = {

/* Begin PBXBuildFile section */
		BA3B1A841C5B4EB600E4999F /* AppDelegate.swift in Sources */ = {isa = PBXBuildFile; fileRef = BA3B1A831C5B4EB600E4999F /* AppDelegate.swift */; };
		BA3B1A891C5B4EB600E4999F /* Main.storyboard in Resources */ = {isa = PBXBuildFile; fileRef = BA3B1A871C5B4EB600E4999F /* Main.storyboard */; };
		BA3B1A8B1C5B4EB600E4999F /* Assets.xcassets in Resources */ = {isa = PBXBuildFile; fileRef = BA3B1A8A1C5B4EB600E4999F /* Assets.xcassets */; };
		BA3B1A8E1C5B4EB600E4999F /* LaunchScreen.storyboard in Resources */ = {isa = PBXBuildFile; fileRef = BA3B1A8C1C5B4EB600E4999F /* LaunchScreen.storyboard */; };
		BA3B1A991C5B4EB700E4999F /* tutorialScreenTests.swift in Sources */ = {isa = PBXBuildFile; fileRef = BA3B1A981C5B4EB700E4999F /* tutorialScreenTests.swift */; };
		BA3B1AA41C5B4EB700E4999F /* tutorialScreenUITests.swift in Sources */ = {isa = PBXBuildFile; fileRef = BA3B1AA31C5B4EB700E4999F /* tutorialScreenUITests.swift */; };
		BA3B1AB41C5B52BC00E4999F /* rootPage.swift in Sources */ = {isa = PBXBuildFile; fileRef = BA3B1AB31C5B52BC00E4999F /* rootPage.swift */; };
		BA3B1AB81C5B559F00E4999F /* introductionPic1.jpg in Resources */ = {isa = PBXBuildFile; fileRef = BA3B1AB51C5B559F00E4999F /* introductionPic1.jpg */; };
		BA3B1AB91C5B559F00E4999F /* introductionPic2.jpg in Resources */ = {isa = PBXBuildFile; fileRef = BA3B1AB61C5B559F00E4999F /* introductionPic2.jpg */; };
		BA3B1ABA1C5B559F00E4999F /* introductionPic3.jpg in Resources */ = {isa = PBXBuildFile; fileRef = BA3B1AB71C5B559F00E4999F /* introductionPic3.jpg */; };
		BA3B1ABC1C5B55FC00E4999F /* tutorialPage.swift in Sources */ = {isa = PBXBuildFile; fileRef = BA3B1ABB1C5B55FC00E4999F /* tutorialPage.swift */; };
/* End PBXBuildFile section */

/* Begin PBXContainerItemProxy section */
		BA3B1A951C5B4EB700E4999F /* PBXContainerItemProxy */ = {
			isa = PBXContainerItemProxy;
			containerPortal = BA3B1A781C5B4EB600E4999F /* Project object */;
			proxyType = 1;
			remoteGlobalIDString = BA3B1A7F1C5B4EB600E4999F;
			remoteInfo = tutorialScreen;
		};
		BA3B1AA01C5B4EB700E4999F /* PBXContainerItemProxy */ = {
			isa = PBXContainerItemProxy;
			containerPortal = BA3B1A781C5B4EB600E4999F /* Project object */;
			proxyType = 1;
			remoteGlobalIDString = BA3B1A7F1C5B4EB600E4999F;
			remoteInfo = tutorialScreen;
		};
/* End PBXContainerItemProxy section */

/* Begin PBXFileReference section */
		BA3B1A801C5B4EB600E4999F /* tutorialScreen.app */ = {isa = PBXFileReference; explicitFileType = wrapper.application; includeInIndex = 0; path = tutorialScreen.app; sourceTree = BUILT_PRODUCTS_DIR; };
		BA3B1A831C5B4EB600E4999F /* AppDelegate.swift */ = {isa = PBXFileReference; lastKnownFileType = sourcecode.swift; path = AppDelegate.swift; sourceTree = "<group>"; };
		BA3B1A881C5B4EB600E4999F /* Base */ = {isa = PBXFileReference; lastKnownFileType = file.storyboard; name = Base; path = Base.lproj/Main.storyboard; sourceTree = "<group>"; };
		BA3B1A8A1C5B4EB600E4999F /* Assets.xcassets */ = {isa = PBXFileReference; lastKnownFileType = folder.assetcatalog; path = Assets.xcassets; sourceTree = "<group>"; };
		BA3B1A8D1C5B4EB600E4999F /* Base */ = {isa = PBXFileReference; lastKnownFileType = file.storyboard; name = Base; path = Base.lproj/LaunchScreen.storyboard; sourceTree = "<group>"; };
		BA3B1A8F1C5B4EB600E4999F /* Info.plist */ = {isa = PBXFileReference; lastKnownFileType = text.plist.xml; path = Info.plist; sourceTree = "<group>"; };
		BA3B1A941C5B4EB700E4999F /* tutorialScreenTests.xctest */ = {isa = PBXFileReference; explicitFileType = wrapper.cfbundle; includeInIndex = 0; path = tutorialScreenTests.xctest; sourceTree = BUILT_PRODUCTS_DIR; };
		BA3B1A981C5B4EB700E4999F /* tutorialScreenTests.swift */ = {isa = PBXFileReference; lastKnownFileType = sourcecode.swift; path = tutorialScreenTests.swift; sourceTree = "<group>"; };
		BA3B1A9A1C5B4EB700E4999F /* Info.plist */ = {isa = PBXFileReference; lastKnownFileType = text.plist.xml; path = Info.plist; sourceTree = "<group>"; };
		BA3B1A9F1C5B4EB700E4999F /* tutorialScreenUITests.xctest */ = {isa = PBXFileReference; explicitFileType = wrapper.cfbundle; includeInIndex = 0; path = tutorialScreenUITests.xctest; sourceTree = BUILT_PRODUCTS_DIR; };
		BA3B1AA31C5B4EB700E4999F /* tutorialScreenUITests.swift */ = {isa = PBXFileReference; lastKnownFileType = sourcecode.swift; path = tutorialScreenUITests.swift; sourceTree = "<group>"; };
		BA3B1AA51C5B4EB700E4999F /* Info.plist */ = {isa = PBXFileReference; lastKnownFileType = text.plist.xml; path = Info.plist; sourceTree = "<group>"; };
		BA3B1AB31C5B52BC00E4999F /* rootPage.swift */ = {isa = PBXFileReference; fileEncoding = 4; lastKnownFileType = sourcecode.swift; path = rootPage.swift; sourceTree = "<group>"; };
		BA3B1AB51C5B559F00E4999F /* introductionPic1.jpg */ = {isa = PBXFileReference; lastKnownFileType = image.jpeg; name = introductionPic1.jpg; path = tutorialScreen/introductionPic1.jpg; sourceTree = "<group>"; };
		BA3B1AB61C5B559F00E4999F /* introductionPic2.jpg */ = {isa = PBXFileReference; lastKnownFileType = image.jpeg; name = introductionPic2.jpg; path = tutorialScreen/introductionPic2.jpg; sourceTree = "<group>"; };
		BA3B1AB71C5B559F00E4999F /* introductionPic3.jpg */ = {isa = PBXFileReference; lastKnownFileType = image.jpeg; name = introductionPic3.jpg; path = tutorialScreen/introductionPic3.jpg; sourceTree = "<group>"; };
		BA3B1ABB1C5B55FC00E4999F /* tutorialPage.swift */ = {isa = PBXFileReference; fileEncoding = 4; lastKnownFileType = sourcecode.swift; path = tutorialPage.swift; sourceTree = "<group>"; };
/* End PBXFileReference section */

/* Begin PBXFrameworksBuildPhase section */
		BA3B1A7D1C5B4EB600E4999F /* Frameworks */ = {
			isa = PBXFrameworksBuildPhase;
			buildActionMask = 2147483647;
			files = (
			);
			runOnlyForDeploymentPostprocessing = 0;
		};
		BA3B1A911C5B4EB700E4999F /* Frameworks */ = {
			isa = PBXFrameworksBuildPhase;
			buildActionMask = 2147483647;
			files = (
			);
			runOnlyForDeploymentPostprocessing = 0;
		};
		BA3B1A9C1C5B4EB700E4999F /* Frameworks */ = {
			isa = PBXFrameworksBuildPhase;
			buildActionMask = 2147483647;
			files = (
			);
			runOnlyForDeploymentPostprocessing = 0;
		};
/* End PBXFrameworksBuildPhase section */

/* Begin PBXGroup section */
		BA3B1A771C5B4EB600E4999F = {
			isa = PBXGroup;
			children = (
				BA3B1AB51C5B559F00E4999F /* introductionPic1.jpg */,
				BA3B1AB61C5B559F00E4999F /* introductionPic2.jpg */,
				BA3B1AB71C5B559F00E4999F /* introductionPic3.jpg */,
				BA3B1A821C5B4EB600E4999F /* tutorialScreen */,
				BA3B1A971C5B4EB700E4999F /* tutorialScreenTests */,
				BA3B1AA21C5B4EB700E4999F /* tutorialScreenUITests */,
				BA3B1A811C5B4EB600E4999F /* Products */,
			);
			sourceTree = "<group>";
		};
		BA3B1A811C5B4EB600E4999F /* Products */ = {
			isa = PBXGroup;
			children = (
				BA3B1A801C5B4EB600E4999F /* tutorialScreen.app */,
				BA3B1A941C5B4EB700E4999F /* tutorialScreenTests.xctest */,
				BA3B1A9F1C5B4EB700E4999F /* tutorialScreenUITests.xctest */,
			);
			name = Products;
			sourceTree = "<group>";
		};
		BA3B1A821C5B4EB600E4999F /* tutorialScreen */ = {
			isa = PBXGroup;
			children = (
				BA3B1A831C5B4EB600E4999F /* AppDelegate.swift */,
				BA3B1ABB1C5B55FC00E4999F /* tutorialPage.swift */,
				BA3B1AB31C5B52BC00E4999F /* rootPage.swift */,
				BA3B1A871C5B4EB600E4999F /* Main.storyboard */,
				BA3B1A8A1C5B4EB600E4999F /* Assets.xcassets */,
				BA3B1A8C1C5B4EB600E4999F /* LaunchScreen.storyboard */,
				BA3B1A8F1C5B4EB600E4999F /* Info.plist */,
			);
			path = tutorialScreen;
			sourceTree = "<group>";
		};
		BA3B1A971C5B4EB700E4999F /* tutorialScreenTests */ = {
			isa = PBXGroup;
			children = (
				BA3B1A981C5B4EB700E4999F /* tutorialScreenTests.swift */,
				BA3B1A9A1C5B4EB700E4999F /* Info.plist */,
			);
			path = tutorialScreenTests;
			sourceTree = "<group>";
		};
		BA3B1AA21C5B4EB700E4999F /* tutorialScreenUITests */ = {
			isa = PBXGroup;
			children = (
				BA3B1AA31C5B4EB700E4999F /* tutorialScreenUITests.swift */,
				BA3B1AA51C5B4EB700E4999F /* Info.plist */,
			);
			path = tutorialScreenUITests;
			sourceTree = "<group>";
		};
/* End PBXGroup section */

/* Begin PBXNativeTarget section */
		BA3B1A7F1C5B4EB600E4999F /* tutorialScreen */ = {
			isa = PBXNativeTarget;
			buildConfigurationList = BA3B1AA81C5B4EB700E4999F /* Build configuration list for PBXNativeTarget "tutorialScreen" */;
			buildPhases = (
				BA3B1A7C1C5B4EB600E4999F /* Sources */,
				BA3B1A7D1C5B4EB600E4999F /* Frameworks */,
				BA3B1A7E1C5B4EB600E4999F /* Resources */,
			);
			buildRules = (
			);
			dependencies = (
			);
			name = tutorialScreen;
			productName = tutorialScreen;
			productReference = BA3B1A801C5B4EB600E4999F /* tutorialScreen.app */;
			productType = "com.apple.product-type.application";
		};
		BA3B1A931C5B4EB700E4999F /* tutorialScreenTests */ = {
			isa = PBXNativeTarget;
			buildConfigurationList = BA3B1AAB1C5B4EB700E4999F /* Build configuration list for PBXNativeTarget "tutorialScreenTests" */;
			buildPhases = (
				BA3B1A901C5B4EB700E4999F /* Sources */,
				BA3B1A911C5B4EB700E4999F /* Frameworks */,
				BA3B1A921C5B4EB700E4999F /* Resources */,
			);
			buildRules = (
			);
			dependencies = (
				BA3B1A961C5B4EB700E4999F /* PBXTargetDependency */,
			);
			name = tutorialScreenTests;
			productName = tutorialScreenTests;
			productReference = BA3B1A941C5B4EB700E4999F /* tutorialScreenTests.xctest */;
			productType = "com.apple.product-type.bundle.unit-test";
		};
		BA3B1A9E1C5B4EB700E4999F /* tutorialScreenUITests */ = {
			isa = PBXNativeTarget;
			buildConfigurationList = BA3B1AAE1C5B4EB700E4999F /* Build configuration list for PBXNativeTarget "tutorialScreenUITests" */;
			buildPhases = (
				BA3B1A9B1C5B4EB700E4999F /* Sources */,
				BA3B1A9C1C5B4EB700E4999F /* Frameworks */,
				BA3B1A9D1C5B4EB700E4999F /* Resources */,
			);
			buildRules = (
			);
			dependencies = (
				BA3B1AA11C5B4EB700E4999F /* PBXTargetDependency */,
			);
			name = tutorialScreenUITests;
			productName = tutorialScreenUITests;
			productReference = BA3B1A9F1C5B4EB700E4999F /* tutorialScreenUITests.xctest */;
			productType = "com.apple.product-type.bundle.ui-testing";
		};
/* End PBXNativeTarget section */

/* Begin PBXProject section */
		BA3B1A781C5B4EB600E4999F /* Project object */ = {
			isa = PBXProject;
			attributes = {
				LastSwiftUpdateCheck = 0720;
				LastUpgradeCheck = 0720;
				ORGANIZATIONNAME = "李龑";
				TargetAttributes = {
					BA3B1A7F1C5B4EB600E4999F = {
						CreatedOnToolsVersion = 7.2;
						DevelopmentTeam = 72GD7QJXE4;
					};
					BA3B1A931C5B4EB700E4999F = {
						CreatedOnToolsVersion = 7.2;
						DevelopmentTeam = 72GD7QJXE4;
						TestTargetID = BA3B1A7F1C5B4EB600E4999F;
					};
					BA3B1A9E1C5B4EB700E4999F = {
						CreatedOnToolsVersion = 7.2;
						DevelopmentTeam = 72GD7QJXE4;
						TestTargetID = BA3B1A7F1C5B4EB600E4999F;
					};
				};
			};
			buildConfigurationList = BA3B1A7B1C5B4EB600E4999F /* Build configuration list for PBXProject "tutorialScreen" */;
			compatibilityVersion = "Xcode 3.2";
			developmentRegion = English;
			hasScannedForEncodings = 0;
			knownRegions = (
				en,
				Base,
			);
			mainGroup = BA3B1A771C5B4EB600E4999F;
			productRefGroup = BA3B1A811C5B4EB600E4999F /* Products */;
			projectDirPath = "";
			projectRoot = "";
			targets = (
				BA3B1A7F1C5B4EB600E4999F /* tutorialScreen */,
				BA3B1A931C5B4EB700E4999F /* tutorialScreenTests */,
				BA3B1A9E1C5B4EB700E4999F /* tutorialScreenUITests */,
			);
		};
/* End PBXProject section */

/* Begin PBXResourcesBuildPhase section */
		BA3B1A7E1C5B4EB600E4999F /* Resources */ = {
			isa = PBXResourcesBuildPhase;
			buildActionMask = 2147483647;
			files = (
				BA3B1ABA1C5B559F00E4999F /* introductionPic3.jpg in Resources */,
				BA3B1AB91C5B559F00E4999F /* introductionPic2.jpg in Resources */,
				BA3B1A8E1C5B4EB600E4999F /* LaunchScreen.storyboard in Resources */,
				BA3B1A8B1C5B4EB600E4999F /* Assets.xcassets in Resources */,
				BA3B1AB81C5B559F00E4999F /* introductionPic1.jpg in Resources */,
				BA3B1A891C5B4EB600E4999F /* Main.storyboard in Resources */,
			);
			runOnlyForDeploymentPostprocessing = 0;
		};
		BA3B1A921C5B4EB700E4999F /* Resources */ = {
			isa = PBXResourcesBuildPhase;
			buildActionMask = 2147483647;
			files = (
			);
			runOnlyForDeploymentPostprocessing = 0;
		};
		BA3B1A9D1C5B4EB700E4999F /* Resources */ = {
			isa = PBXResourcesBuildPhase;
			buildActionMask = 2147483647;
			files = (
			);
			runOnlyForDeploymentPostprocessing = 0;
		};
/* End PBXResourcesBuildPhase section */

/* Begin PBXSourcesBuildPhase section */
		BA3B1A7C1C5B4EB600E4999F /* Sources */ = {
			isa = PBXSourcesBuildPhase;
			buildActionMask = 2147483647;
			files = (
				BA3B1AB41C5B52BC00E4999F /* rootPage.swift in Sources */,
				BA3B1A841C5B4EB600E4999F /* AppDelegate.swift in Sources */,
				BA3B1ABC1C5B55FC00E4999F /* tutorialPage.swift in Sources */,
			);
			runOnlyForDeploymentPostprocessing = 0;
		};
		BA3B1A901C5B4EB700E4999F /* Sources */ = {
			isa = PBXSourcesBuildPhase;
			buildActionMask = 2147483647;
			files = (
				BA3B1A991C5B4EB700E4999F /* tutorialScreenTests.swift in Sources */,
			);
			runOnlyForDeploymentPostprocessing = 0;
		};
		BA3B1A9B1C5B4EB700E4999F /* Sources */ = {
			isa = PBXSourcesBuildPhase;
			buildActionMask = 2147483647;
			files = (
				BA3B1AA41C5B4EB700E4999F /* tutorialScreenUITests.swift in Sources */,
			);
			runOnlyForDeploymentPostprocessing = 0;
		};
/* End PBXSourcesBuildPhase section */

/* Begin PBXTargetDependency section */
		BA3B1A961C5B4EB700E4999F /* PBXTargetDependency */ = {
			isa = PBXTargetDependency;
			target = BA3B1A7F1C5B4EB600E4999F /* tutorialScreen */;
			targetProxy = BA3B1A951C5B4EB700E4999F /* PBXContainerItemProxy */;
		};
		BA3B1AA11C5B4EB700E4999F /* PBXTargetDependency */ = {
			isa = PBXTargetDependency;
			target = BA3B1A7F1C5B4EB600E4999F /* tutorialScreen */;
			targetProxy = BA3B1AA01C5B4EB700E4999F /* PBXContainerItemProxy */;
		};
/* End PBXTargetDependency section */

/* Begin PBXVariantGroup section */
		BA3B1A871C5B4EB600E4999F /* Main.storyboard */ = {
			isa = PBXVariantGroup;
			children = (
				BA3B1A881C5B4EB600E4999F /* Base */,
			);
			name = Main.storyboard;
			sourceTree = "<group>";
		};
		BA3B1A8C1C5B4EB600E4999F /* LaunchScreen.storyboard */ = {
			isa = PBXVariantGroup;
			children = (
				BA3B1A8D1C5B4EB600E4999F /* Base */,
			);
			name = LaunchScreen.storyboard;
			sourceTree = "<group>";
		};
/* End PBXVariantGroup section */

/* Begin XCBuildConfiguration section */
		BA3B1AA61C5B4EB700E4999F /* Debug */ = {
			isa = XCBuildConfiguration;
			buildSettings = {
				ALWAYS_SEARCH_USER_PATHS = NO;
				CLANG_CXX_LANGUAGE_STANDARD = "gnu++0x";
				CLANG_CXX_LIBRARY = "libc++";
				CLANG_ENABLE_MODULES = YES;
				CLANG_ENABLE_OBJC_ARC = YES;
				CLANG_WARN_BOOL_CONVERSION = YES;
				CLANG_WARN_CONSTANT_CONVERSION = YES;
				CLANG_WARN_DIRECT_OBJC_ISA_USAGE = YES_ERROR;
				CLANG_WARN_EMPTY_BODY = YES;
				CLANG_WARN_ENUM_CONVERSION = YES;
				CLANG_WARN_INT_CONVERSION = YES;
				CLANG_WARN_OBJC_ROOT_CLASS = YES_ERROR;
				CLANG_WARN_UNREACHABLE_CODE = YES;
				CLANG_WARN__DUPLICATE_METHOD_MATCH = YES;
				"CODE_SIGN_IDENTITY[sdk=iphoneos*]" = "iPhone Developer";
				COPY_PHASE_STRIP = NO;
				DEBUG_INFORMATION_FORMAT = dwarf;
				ENABLE_STRICT_OBJC_MSGSEND = YES;
				ENABLE_TESTABILITY = YES;
				GCC_C_LANGUAGE_STANDARD = gnu99;
				GCC_DYNAMIC_NO_PIC = NO;
				GCC_NO_COMMON_BLOCKS = YES;
				GCC_OPTIMIZATION_LEVEL = 0;
				GCC_PREPROCESSOR_DEFINITIONS = (
					"DEBUG=1",
					"$(inherited)",
				);
				GCC_WARN_64_TO_32_BIT_CONVERSION = YES;
				GCC_WARN_ABOUT_RETURN_TYPE = YES_ERROR;
				GCC_WARN_UNDECLARED_SELECTOR = YES;
				GCC_WARN_UNINITIALIZED_AUTOS = YES_AGGRESSIVE;
				GCC_WARN_UNUSED_FUNCTION = YES;
				GCC_WARN_UNUSED_VARIABLE = YES;
				IPHONEOS_DEPLOYMENT_TARGET = 9.2;
				MTL_ENABLE_DEBUG_INFO = YES;
				ONLY_ACTIVE_ARCH = YES;
				SDKROOT = iphoneos;
				SWIFT_OPTIMIZATION_LEVEL = "-Onone";
				TARGETED_DEVICE_FAMILY = "1,2";
			};
			name = Debug;
		};
		BA3B1AA71C5B4EB700E4999F /* Release */ = {
			isa = XCBuildConfiguration;
			buildSettings = {
				ALWAYS_SEARCH_USER_PATHS = NO;
				CLANG_CXX_LANGUAGE_STANDARD = "gnu++0x";
				CLANG_CXX_LIBRARY = "libc++";
				CLANG_ENABLE_MODULES = YES;
				CLANG_ENABLE_OBJC_ARC = YES;
				CLANG_WARN_BOOL_CONVERSION = YES;
				CLANG_WARN_CONSTANT_CONVERSION = YES;
				CLANG_WARN_DIRECT_OBJC_ISA_USAGE = YES_ERROR;
				CLANG_WARN_EMPTY_BODY = YES;
				CLANG_WARN_ENUM_CONVERSION = YES;
				CLANG_WARN_INT_CONVERSION = YES;
				CLANG_WARN_OBJC_ROOT_CLASS = YES_ERROR;
				CLANG_WARN_UNREACHABLE_CODE = YES;
				CLANG_WARN__DUPLICATE_METHOD_MATCH = YES;
				"CODE_SIGN_IDENTITY[sdk=iphoneos*]" = "iPhone Developer";
				COPY_PHASE_STRIP = NO;
				DEBUG_INFORMATION_FORMAT = "dwarf-with-dsym";
				ENABLE_NS_ASSERTIONS = NO;
				ENABLE_STRICT_OBJC_MSGSEND = YES;
				GCC_C_LANGUAGE_STANDARD = gnu99;
				GCC_NO_COMMON_BLOCKS = YES;
				GCC_WARN_64_TO_32_BIT_CONVERSION = YES;
				GCC_WARN_ABOUT_RETURN_TYPE = YES_ERROR;
				GCC_WARN_UNDECLARED_SELECTOR = YES;
				GCC_WARN_UNINITIALIZED_AUTOS = YES_AGGRESSIVE;
				GCC_WARN_UNUSED_FUNCTION = YES;
				GCC_WARN_UNUSED_VARIABLE = YES;
				IPHONEOS_DEPLOYMENT_TARGET = 9.2;
				MTL_ENABLE_DEBUG_INFO = NO;
				SDKROOT = iphoneos;
				TARGETED_DEVICE_FAMILY = "1,2";
				VALIDATE_PRODUCT = YES;
			};
			name = Release;
		};
		BA3B1AA91C5B4EB700E4999F /* Debug */ = {
			isa = XCBuildConfiguration;
			buildSettings = {
				ASSETCATALOG_COMPILER_APPICON_NAME = AppIcon;
				INFOPLIST_FILE = tutorialScreen/Info.plist;
				LD_RUNPATH_SEARCH_PATHS = "$(inherited) @executable_path/Frameworks";
				PRODUCT_BUNDLE_IDENTIFIER = thanatos.tutorialScreen;
				PRODUCT_NAME = "$(TARGET_NAME)";
			};
			name = Debug;
		};
		BA3B1AAA1C5B4EB700E4999F /* Release */ = {
			isa = XCBuildConfiguration;
			buildSettings = {
				ASSETCATALOG_COMPILER_APPICON_NAME = AppIcon;
				INFOPLIST_FILE = tutorialScreen/Info.plist;
				LD_RUNPATH_SEARCH_PATHS = "$(inherited) @executable_path/Frameworks";
				PRODUCT_BUNDLE_IDENTIFIER = thanatos.tutorialScreen;
				PRODUCT_NAME = "$(TARGET_NAME)";
			};
			name = Release;
		};
		BA3B1AAC1C5B4EB700E4999F /* Debug */ = {
			isa = XCBuildConfiguration;
			buildSettings = {
				BUNDLE_LOADER = "$(TEST_HOST)";
				INFOPLIST_FILE = tutorialScreenTests/Info.plist;
				LD_RUNPATH_SEARCH_PATHS = "$(inherited) @executable_path/Frameworks @loader_path/Frameworks";
				PRODUCT_BUNDLE_IDENTIFIER = thanatos.tutorialScreenTests;
				PRODUCT_NAME = "$(TARGET_NAME)";
				TEST_HOST = "$(BUILT_PRODUCTS_DIR)/tutorialScreen.app/tutorialScreen";
			};
			name = Debug;
		};
		BA3B1AAD1C5B4EB700E4999F /* Release */ = {
			isa = XCBuildConfiguration;
			buildSettings = {
				BUNDLE_LOADER = "$(TEST_HOST)";
				INFOPLIST_FILE = tutorialScreenTests/Info.plist;
				LD_RUNPATH_SEARCH_PATHS = "$(inherited) @executable_path/Frameworks @loader_path/Frameworks";
				PRODUCT_BUNDLE_IDENTIFIER = thanatos.tutorialScreenTests;
				PRODUCT_NAME = "$(TARGET_NAME)";
				TEST_HOST = "$(BUILT_PRODUCTS_DIR)/tutorialScreen.app/tutorialScreen";
			};
			name = Release;
		};
		BA3B1AAF1C5B4EB700E4999F /* Debug */ = {
			isa = XCBuildConfiguration;
			buildSettings = {
				INFOPLIST_FILE = tutorialScreenUITests/Info.plist;
				LD_RUNPATH_SEARCH_PATHS = "$(inherited) @executable_path/Frameworks @loader_path/Frameworks";
				PRODUCT_BUNDLE_IDENTIFIER = thanatos.tutorialScreenUITests;
				PRODUCT_NAME = "$(TARGET_NAME)";
				TEST_TARGET_NAME = tutorialScreen;
				USES_XCTRUNNER = YES;
			};
			name = Debug;
		};
		BA3B1AB01C5B4EB700E4999F /* Release */ = {
			isa = XCBuildConfiguration;
			buildSettings = {
				INFOPLIST_FILE = tutorialScreenUITests/Info.plist;
				LD_RUNPATH_SEARCH_PATHS = "$(inherited) @executable_path/Frameworks @loader_path/Frameworks";
				PRODUCT_BUNDLE_IDENTIFIER = thanatos.tutorialScreenUITests;
				PRODUCT_NAME = "$(TARGET_NAME)";
				TEST_TARGET_NAME = tutorialScreen;
				USES_XCTRUNNER = YES;
			};
			name = Release;
		};
/* End XCBuildConfiguration section */

/* Begin XCConfigurationList section */
		BA3B1A7B1C5B4EB600E4999F /* Build configuration list for PBXProject "tutorialScreen" */ = {
			isa = XCConfigurationList;
			buildConfigurations = (
				BA3B1AA61C5B4EB700E4999F /* Debug */,
				BA3B1AA71C5B4EB700E4999F /* Release */,
			);
			defaultConfigurationIsVisible = 0;
			defaultConfigurationName = Release;
		};
		BA3B1AA81C5B4EB700E4999F /* Build configuration list for PBXNativeTarget "tutorialScreen" */ = {
			isa = XCConfigurationList;
			buildConfigurations = (
				BA3B1AA91C5B4EB700E4999F /* Debug */,
				BA3B1AAA1C5B4EB700E4999F /* Release */,
			);
			defaultConfigurationIsVisible = 0;
		};
		BA3B1AAB1C5B4EB700E4999F /* Build configuration list for PBXNativeTarget "tutorialScreenTests" */ = {
			isa = XCConfigurationList;
			buildConfigurations = (
				BA3B1AAC1C5B4EB700E4999F /* Debug */,
				BA3B1AAD1C5B4EB700E4999F /* Release */,
			);
			defaultConfigurationIsVisible = 0;
		};
		BA3B1AAE1C5B4EB700E4999F /* Build configuration list for PBXNativeTarget "tutorialScreenUITests" */ = {
			isa = XCConfigurationList;
			buildConfigurations = (
				BA3B1AAF1C5B4EB700E4999F /* Debug */,
				BA3B1AB01C5B4EB700E4999F /* Release */,
			);
			defaultConfigurationIsVisible = 0;
		};
/* End XCConfigurationList section */
	};
	rootObject = BA3B1A781C5B4EB600E4999F /* Project object */;
}
